{"1.2.0",
[{<<"cowlib">>,{pkg,<<"cowlib">>,<<"2.6.0">>},1},
 {<<"gun">>,{pkg,<<"gun">>,<<"1.3.2">>},0}]}.
[
{pkg_hash,[
 {<<"cowlib">>, <<"8AA629F81A0FC189F261DC98A42243FA842625FEEA3C7EC56C48F4CCDB55490F">>},
 {<<"gun">>, <<"542064CBB9F613650B8A8100B3A927505F364FBE198B7A5A112868FF43F3E477">>}]},
{pkg_hash_ext,[
 {<<"cowlib">>, <<"45A1A08E05E4C66F2AF665295955E337D52C2D33B1F1CF24D353CADEDDF34992">>},
 {<<"gun">>, <<"BA323F0A5FD8ABAC379A3E1FE6D8CE570C4A12C7FD1C68F4994B53447918E462">>}]}
].
