{"1.2.0",
[{<<"cowlib">>,{pkg,<<"cowlib">>,<<"2.11.0">>},1},
 {<<"gun">>,{pkg,<<"gun">>,<<"2.0.0-rc.2">>},0}]}.
[
{pkg_hash,[
 {<<"cowlib">>, <<"0B9FF9C346629256C42EBE1EEB769A83C6CB771A6EE5960BD110AB0B9B872063">>},
 {<<"gun">>, <<"7C489A32DEDCCB77B6E82D1F3C5A7DADFBFA004EC14E322CDB5E579C438632D2">>}]},
{pkg_hash_ext,[
 {<<"cowlib">>, <<"2B3E9DA0B21C4565751A6D4901C20D1B4CC25CBB7FD50D91D2AB6DD287BC86A9">>},
 {<<"gun">>, <<"6B9D1EAE146410D727140DBF8B404B9631302ECC2066D1D12F22097AD7D254FC">>}]}
].
